github.com/yeochinyi/tut-anatomy-mod v1.0.0 h1:QkVcWxI+/fAn5U38jV5th57SLbrUwri4aIsrv4gnWCM=
github.com/yeochinyi/tut-anatomy-mod v1.0.0/go.mod h1:t6U6jv3C8Xfgqm/MpXBuqK6KmMlgzqDi6tqiJwOKky8=
github.com/yeochinyi/tut-anatomy-mod v1.0.2 h1:B2lHgjjlsq+nXHKgMDiHy3JCafbZvU+z0SRuJl0kNwA=
github.com/yeochinyi/tut-anatomy-mod v1.0.2/go.mod h1:t6U6jv3C8Xfgqm/MpXBuqK6KmMlgzqDi6tqiJwOKky8=
